// !$*UTF8*$!
{
	archiveVersion = 1;
	classes = {
	};
	objectVersion = 46;
	objects = {

/* Begin PBXBuildFile section */
		8922E7E51C5C8EA800152E7F /* HodgeProg2.cpp in Sources */ = {isa = PBXBuildFile; fileRef = 8922E7E41C5C8EA800152E7F /* HodgeProg2.cpp */; };
/* End PBXBuildFile section */

/* Begin PBXCopyFilesBuildPhase section */
		8922E7DF1C5C8EA800152E7F /* CopyFiles */ = {
			isa = PBXCopyFilesBuildPhase;
			buildActionMask = 2147483647;
			dstPath = /usr/share/man/man1/;
			dstSubfolderSpec = 0;
			files = (
			);
			runOnlyForDeploymentPostprocessing = 1;
		};
/* End PBXCopyFilesBuildPhase section */

/* Begin PBXFileReference section */
		8922E7E11C5C8EA800152E7F /* MyVector */ = {isa = PBXFileReference; explicitFileType = "compiled.mach-o.executable"; includeInIndex = 0; path = MyVector; sourceTree = BUILT_PRODUCTS_DIR; };
		8922E7E41C5C8EA800152E7F /* HodgeProg2.cpp */ = {isa = PBXFileReference; lastKnownFileType = sourcecode.cpp.cpp; path = HodgeProg2.cpp; sourceTree = "<group>"; };
		8922E7EC1C5C8FCE00152E7F /* MyVector.hpp */ = {isa = PBXFileReference; lastKnownFileType = sourcecode.cpp.h; path = MyVector.hpp; sourceTree = "<group>"; };
/* End PBXFileReference section */

/* Begin PBXFrameworksBuildPhase section */
		8922E7DE1C5C8EA800152E7F /* Frameworks */ = {
			isa = PBXFrameworksBuildPhase;
			buildActionMask = 2147483647;
			files = (
			);
			runOnlyForDeploymentPostprocessing = 0;
		};
/* End PBXFrameworksBuildPhase section */

/* Begin PBXGroup section */
		8922E7D81C5C8EA800152E7F = {
			isa = PBXGroup;
			children = (
				8922E7E31C5C8EA800152E7F /* MyVector */,
				8922E7E21C5C8EA800152E7F /* Products */,
			);
			sourceTree = "<group>";
		};
		8922E7E21C5C8EA800152E7F /* Products */ = {
			isa = PBXGroup;
			children = (
				8922E7E11C5C8EA800152E7F /* MyVector */,
			);
			name = Products;
			sourceTree = "<group>";
		};
		8922E7E31C5C8EA800152E7F /* MyVector */ = {
			isa = PBXGroup;
			children = (
				8922E7E41C5C8EA800152E7F /* HodgeProg2.cpp */,
				8922E7EC1C5C8FCE00152E7F /* MyVector.hpp */,
			);
			path = MyVector;
			sourceTree = "<group>";
		};
/* End PBXGroup section */

/* Begin PBXNativeTarget section */
		8922E7E01C5C8EA800152E7F /* MyVector */ = {
			isa = PBXNativeTarget;
			buildConfigurationList = 8922E7E81C5C8EA800152E7F /* Build configuration list for PBXNativeTarget "MyVector" */;
			buildPhases = (
				8922E7DD1C5C8EA800152E7F /* Sources */,
				8922E7DE1C5C8EA800152E7F /* Frameworks */,
				8922E7DF1C5C8EA800152E7F /* CopyFiles */,
			);
			buildRules = (
			);
			dependencies = (
			);
			name = MyVector;
			productName = MyVector;
			productReference = 8922E7E11C5C8EA800152E7F /* MyVector */;
			productType = "com.apple.product-type.tool";
		};
/* End PBXNativeTarget section */

/* Begin PBXProject section */
		8922E7D91C5C8EA800152E7F /* Project object */ = {
			isa = PBXProject;
			attributes = {
				LastUpgradeCheck = 0720;
				ORGANIZATIONNAME = "Travis Hodge";
				TargetAttributes = {
					8922E7E01C5C8EA800152E7F = {
						CreatedOnToolsVersion = 7.2;
					};
				};
			};
			buildConfigurationList = 8922E7DC1C5C8EA800152E7F /* Build configuration list for PBXProject "MyVector" */;
			compatibilityVersion = "Xcode 3.2";
			developmentRegion = English;
			hasScannedForEncodings = 0;
			knownRegions = (
				en,
			);
			mainGroup = 8922E7D81C5C8EA800152E7F;
			productRefGroup = 8922E7E21C5C8EA800152E7F /* Products */;
			projectDirPath = "";
			projectRoot = "";
			targets = (
				8922E7E01C5C8EA800152E7F /* MyVector */,
			);
		};
/* End PBXProject section */

/* Begin PBXSourcesBuildPhase section */
		8922E7DD1C5C8EA800152E7F /* Sources */ = {
			isa = PBXSourcesBuildPhase;
			buildActionMask = 2147483647;
			files = (
				8922E7E51C5C8EA800152E7F /* HodgeProg2.cpp in Sources */,
			);
			runOnlyForDeploymentPostprocessing = 0;
		};
/* End PBXSourcesBuildPhase section */

/* Begin XCBuildConfiguration section */
		8922E7E61C5C8EA800152E7F /* Debug */ = {
			isa = XCBuildConfiguration;
			buildSettings = {
				ALWAYS_SEARCH_USER_PATHS = NO;
				CLANG_CXX_LANGUAGE_STANDARD = "gnu++0x";
				CLANG_CXX_LIBRARY = "libc++";
				CLANG_ENABLE_MODULES = YES;
				CLANG_ENABLE_OBJC_ARC = YES;
				CLANG_WARN_BOOL_CONVERSION = YES;
				CLANG_WARN_CONSTANT_CONVERSION = YES;
				CLANG_WARN_DIRECT_OBJC_ISA_USAGE = YES_ERROR;
				CLANG_WARN_EMPTY_BODY = YES;
				CLANG_WARN_ENUM_CONVERSION = YES;
				CLANG_WARN_INT_CONVERSION = YES;
				CLANG_WARN_OBJC_ROOT_CLASS = YES_ERROR;
				CLANG_WARN_UNREACHABLE_CODE = YES;
				CLANG_WARN__DUPLICATE_METHOD_MATCH = YES;
				CODE_SIGN_IDENTITY = "-";
				COPY_PHASE_STRIP = NO;
				DEBUG_INFORMATION_FORMAT = dwarf;
				ENABLE_STRICT_OBJC_MSGSEND = YES;
				ENABLE_TESTABILITY = YES;
				GCC_C_LANGUAGE_STANDARD = gnu99;
				GCC_DYNAMIC_NO_PIC = NO;
				GCC_NO_COMMON_BLOCKS = YES;
				GCC_OPTIMIZATION_LEVEL = 0;
				GCC_PREPROCESSOR_DEFINITIONS = (
					"DEBUG=1",
					"$(inherited)",
				);
				GCC_WARN_64_TO_32_BIT_CONVERSION = YES;
				GCC_WARN_ABOUT_RETURN_TYPE = YES_ERROR;
				GCC_WARN_UNDECLARED_SELECTOR = YES;
				GCC_WARN_UNINITIALIZED_AUTOS = YES_AGGRESSIVE;
				GCC_WARN_UNUSED_FUNCTION = YES;
				GCC_WARN_UNUSED_VARIABLE = YES;
				MACOSX_DEPLOYMENT_TARGET = 10.10;
				MTL_ENABLE_DEBUG_INFO = YES;
				ONLY_ACTIVE_ARCH = YES;
				SDKROOT = macosx;
			};
			name = Debug;
		};
		8922E7E71C5C8EA800152E7F /* Release */ = {
			isa = XCBuildConfiguration;
			buildSettings = {
				ALWAYS_SEARCH_USER_PATHS = NO;
				CLANG_CXX_LANGUAGE_STANDARD = "gnu++0x";
				CLANG_CXX_LIBRARY = "libc++";
				CLANG_ENABLE_MODULES = YES;
				CLANG_ENABLE_OBJC_ARC = YES;
				CLANG_WARN_BOOL_CONVERSION = YES;
				CLANG_WARN_CONSTANT_CONVERSION = YES;
				CLANG_WARN_DIRECT_OBJC_ISA_USAGE = YES_ERROR;
				CLANG_WARN_EMPTY_BODY = YES;
				CLANG_WARN_ENUM_CONVERSION = YES;
				CLANG_WARN_INT_CONVERSION = YES;
				CLANG_WARN_OBJC_ROOT_CLASS = YES_ERROR;
				CLANG_WARN_UNREACHABLE_CODE = YES;
				CLANG_WARN__DUPLICATE_METHOD_MATCH = YES;
				CODE_SIGN_IDENTITY = "-";
				COPY_PHASE_STRIP = NO;
				DEBUG_INFORMATION_FORMAT = "dwarf-with-dsym";
				ENABLE_NS_ASSERTIONS = NO;
				ENABLE_STRICT_OBJC_MSGSEND = YES;
				GCC_C_LANGUAGE_STANDARD = gnu99;
				GCC_NO_COMMON_BLOCKS = YES;
				GCC_WARN_64_TO_32_BIT_CONVERSION = YES;
				GCC_WARN_ABOUT_RETURN_TYPE = YES_ERROR;
				GCC_WARN_UNDECLARED_SELECTOR = YES;
				GCC_WARN_UNINITIALIZED_AUTOS = YES_AGGRESSIVE;
				GCC_WARN_UNUSED_FUNCTION = YES;
				GCC_WARN_UNUSED_VARIABLE = YES;
				MACOSX_DEPLOYMENT_TARGET = 10.10;
				MTL_ENABLE_DEBUG_INFO = NO;
				SDKROOT = macosx;
			};
			name = Release;
		};
		8922E7E91C5C8EA800152E7F /* Debug */ = {
			isa = XCBuildConfiguration;
			buildSettings = {
				PRODUCT_NAME = "$(TARGET_NAME)";
			};
			name = Debug;
		};
		8922E7EA1C5C8EA800152E7F /* Release */ = {
			isa = XCBuildConfiguration;
			buildSettings = {
				PRODUCT_NAME = "$(TARGET_NAME)";
			};
			name = Release;
		};
/* End XCBuildConfiguration section */

/* Begin XCConfigurationList section */
		8922E7DC1C5C8EA800152E7F /* Build configuration list for PBXProject "MyVector" */ = {
			isa = XCConfigurationList;
			buildConfigurations = (
				8922E7E61C5C8EA800152E7F /* Debug */,
				8922E7E71C5C8EA800152E7F /* Release */,
			);
			defaultConfigurationIsVisible = 0;
			defaultConfigurationName = Release;
		};
		8922E7E81C5C8EA800152E7F /* Build configuration list for PBXNativeTarget "MyVector" */ = {
			isa = XCConfigurationList;
			buildConfigurations = (
				8922E7E91C5C8EA800152E7F /* Debug */,
				8922E7EA1C5C8EA800152E7F /* Release */,
			);
			defaultConfigurationIsVisible = 0;
			defaultConfigurationName = Release;
		};
/* End XCConfigurationList section */
	};
	rootObject = 8922E7D91C5C8EA800152E7F /* Project object */;
}
