// !$*UTF8*$!
{
	archiveVersion = 1;
	classes = {
	};
	objectVersion = 46;
	objects = {

/* Begin PBXBuildFile section */
		890F69F91C74276900F66617 /* HodgeProg4.cpp in Sources */ = {isa = PBXBuildFile; fileRef = 890F69F81C74276900F66617 /* HodgeProg4.cpp */; };
		89BCCD1A1C76579200066D6F /* Maze.cpp in Sources */ = {isa = PBXBuildFile; fileRef = 89BCCD171C76579200066D6F /* Maze.cpp */; };
/* End PBXBuildFile section */

/* Begin PBXCopyFilesBuildPhase section */
		890F69F31C74276900F66617 /* CopyFiles */ = {
			isa = PBXCopyFilesBuildPhase;
			buildActionMask = 2147483647;
			dstPath = /usr/share/man/man1/;
			dstSubfolderSpec = 0;
			files = (
			);
			runOnlyForDeploymentPostprocessing = 1;
		};
/* End PBXCopyFilesBuildPhase section */

/* Begin PBXFileReference section */
		890F69F51C74276900F66617 /* MyStack */ = {isa = PBXFileReference; explicitFileType = "compiled.mach-o.executable"; includeInIndex = 0; path = MyStack; sourceTree = BUILT_PRODUCTS_DIR; };
		890F69F81C74276900F66617 /* HodgeProg4.cpp */ = {isa = PBXFileReference; lastKnownFileType = sourcecode.cpp.cpp; path = HodgeProg4.cpp; sourceTree = "<group>"; };
		890F69FF1C74277C00F66617 /* MyStack.hpp */ = {isa = PBXFileReference; lastKnownFileType = sourcecode.cpp.h; path = MyStack.hpp; sourceTree = "<group>"; };
		89BCCD171C76579200066D6F /* Maze.cpp */ = {isa = PBXFileReference; fileEncoding = 4; lastKnownFileType = sourcecode.cpp.cpp; path = Maze.cpp; sourceTree = "<group>"; };
		89BCCD181C76579200066D6F /* Maze.hpp */ = {isa = PBXFileReference; fileEncoding = 4; lastKnownFileType = sourcecode.cpp.h; path = Maze.hpp; sourceTree = "<group>"; };
		89BCCD191C76579200066D6F /* maze.txt */ = {isa = PBXFileReference; fileEncoding = 4; lastKnownFileType = text; path = maze.txt; sourceTree = "<group>"; };
/* End PBXFileReference section */

/* Begin PBXFrameworksBuildPhase section */
		890F69F21C74276900F66617 /* Frameworks */ = {
			isa = PBXFrameworksBuildPhase;
			buildActionMask = 2147483647;
			files = (
			);
			runOnlyForDeploymentPostprocessing = 0;
		};
/* End PBXFrameworksBuildPhase section */

/* Begin PBXGroup section */
		890F69EC1C74276900F66617 = {
			isa = PBXGroup;
			children = (
				890F69F71C74276900F66617 /* MyStack */,
				890F69F61C74276900F66617 /* Products */,
			);
			sourceTree = "<group>";
		};
		890F69F61C74276900F66617 /* Products */ = {
			isa = PBXGroup;
			children = (
				890F69F51C74276900F66617 /* MyStack */,
			);
			name = Products;
			sourceTree = "<group>";
		};
		890F69F71C74276900F66617 /* MyStack */ = {
			isa = PBXGroup;
			children = (
				89BCCD171C76579200066D6F /* Maze.cpp */,
				89BCCD181C76579200066D6F /* Maze.hpp */,
				89BCCD191C76579200066D6F /* maze.txt */,
				890F69F81C74276900F66617 /* HodgeProg4.cpp */,
				890F69FF1C74277C00F66617 /* MyStack.hpp */,
			);
			path = MyStack;
			sourceTree = "<group>";
		};
/* End PBXGroup section */

/* Begin PBXNativeTarget section */
		890F69F41C74276900F66617 /* MyStack */ = {
			isa = PBXNativeTarget;
			buildConfigurationList = 890F69FC1C74276900F66617 /* Build configuration list for PBXNativeTarget "MyStack" */;
			buildPhases = (
				890F69F11C74276900F66617 /* Sources */,
				890F69F21C74276900F66617 /* Frameworks */,
				890F69F31C74276900F66617 /* CopyFiles */,
			);
			buildRules = (
			);
			dependencies = (
			);
			name = MyStack;
			productName = MyStack;
			productReference = 890F69F51C74276900F66617 /* MyStack */;
			productType = "com.apple.product-type.tool";
		};
/* End PBXNativeTarget section */

/* Begin PBXProject section */
		890F69ED1C74276900F66617 /* Project object */ = {
			isa = PBXProject;
			attributes = {
				LastUpgradeCheck = 0720;
				ORGANIZATIONNAME = "Travis Hodge";
				TargetAttributes = {
					890F69F41C74276900F66617 = {
						CreatedOnToolsVersion = 7.2.1;
					};
				};
			};
			buildConfigurationList = 890F69F01C74276900F66617 /* Build configuration list for PBXProject "MyStack" */;
			compatibilityVersion = "Xcode 3.2";
			developmentRegion = English;
			hasScannedForEncodings = 0;
			knownRegions = (
				en,
			);
			mainGroup = 890F69EC1C74276900F66617;
			productRefGroup = 890F69F61C74276900F66617 /* Products */;
			projectDirPath = "";
			projectRoot = "";
			targets = (
				890F69F41C74276900F66617 /* MyStack */,
			);
		};
/* End PBXProject section */

/* Begin PBXSourcesBuildPhase section */
		890F69F11C74276900F66617 /* Sources */ = {
			isa = PBXSourcesBuildPhase;
			buildActionMask = 2147483647;
			files = (
				89BCCD1A1C76579200066D6F /* Maze.cpp in Sources */,
				890F69F91C74276900F66617 /* HodgeProg4.cpp in Sources */,
			);
			runOnlyForDeploymentPostprocessing = 0;
		};
/* End PBXSourcesBuildPhase section */

/* Begin XCBuildConfiguration section */
		890F69FA1C74276900F66617 /* Debug */ = {
			isa = XCBuildConfiguration;
			buildSettings = {
				ALWAYS_SEARCH_USER_PATHS = NO;
				CLANG_CXX_LANGUAGE_STANDARD = "gnu++0x";
				CLANG_CXX_LIBRARY = "libc++";
				CLANG_ENABLE_MODULES = YES;
				CLANG_ENABLE_OBJC_ARC = YES;
				CLANG_WARN_BOOL_CONVERSION = YES;
				CLANG_WARN_CONSTANT_CONVERSION = YES;
				CLANG_WARN_DIRECT_OBJC_ISA_USAGE = YES_ERROR;
				CLANG_WARN_EMPTY_BODY = YES;
				CLANG_WARN_ENUM_CONVERSION = YES;
				CLANG_WARN_INT_CONVERSION = YES;
				CLANG_WARN_OBJC_ROOT_CLASS = YES_ERROR;
				CLANG_WARN_UNREACHABLE_CODE = YES;
				CLANG_WARN__DUPLICATE_METHOD_MATCH = YES;
				CODE_SIGN_IDENTITY = "-";
				COPY_PHASE_STRIP = NO;
				DEBUG_INFORMATION_FORMAT = dwarf;
				ENABLE_STRICT_OBJC_MSGSEND = YES;
				ENABLE_TESTABILITY = YES;
				GCC_C_LANGUAGE_STANDARD = gnu99;
				GCC_DYNAMIC_NO_PIC = NO;
				GCC_NO_COMMON_BLOCKS = YES;
				GCC_OPTIMIZATION_LEVEL = 0;
				GCC_PREPROCESSOR_DEFINITIONS = (
					"DEBUG=1",
					"$(inherited)",
				);
				GCC_WARN_64_TO_32_BIT_CONVERSION = YES;
				GCC_WARN_ABOUT_RETURN_TYPE = YES_ERROR;
				GCC_WARN_UNDECLARED_SELECTOR = YES;
				GCC_WARN_UNINITIALIZED_AUTOS = YES_AGGRESSIVE;
				GCC_WARN_UNUSED_FUNCTION = YES;
				GCC_WARN_UNUSED_VARIABLE = YES;
				MACOSX_DEPLOYMENT_TARGET = 10.10;
				MTL_ENABLE_DEBUG_INFO = YES;
				ONLY_ACTIVE_ARCH = YES;
				SDKROOT = macosx;
			};
			name = Debug;
		};
		890F69FB1C74276900F66617 /* Release */ = {
			isa = XCBuildConfiguration;
			buildSettings = {
				ALWAYS_SEARCH_USER_PATHS = NO;
				CLANG_CXX_LANGUAGE_STANDARD = "gnu++0x";
				CLANG_CXX_LIBRARY = "libc++";
				CLANG_ENABLE_MODULES = YES;
				CLANG_ENABLE_OBJC_ARC = YES;
				CLANG_WARN_BOOL_CONVERSION = YES;
				CLANG_WARN_CONSTANT_CONVERSION = YES;
				CLANG_WARN_DIRECT_OBJC_ISA_USAGE = YES_ERROR;
				CLANG_WARN_EMPTY_BODY = YES;
				CLANG_WARN_ENUM_CONVERSION = YES;
				CLANG_WARN_INT_CONVERSION = YES;
				CLANG_WARN_OBJC_ROOT_CLASS = YES_ERROR;
				CLANG_WARN_UNREACHABLE_CODE = YES;
				CLANG_WARN__DUPLICATE_METHOD_MATCH = YES;
				CODE_SIGN_IDENTITY = "-";
				COPY_PHASE_STRIP = NO;
				DEBUG_INFORMATION_FORMAT = "dwarf-with-dsym";
				ENABLE_NS_ASSERTIONS = NO;
				ENABLE_STRICT_OBJC_MSGSEND = YES;
				GCC_C_LANGUAGE_STANDARD = gnu99;
				GCC_NO_COMMON_BLOCKS = YES;
				GCC_WARN_64_TO_32_BIT_CONVERSION = YES;
				GCC_WARN_ABOUT_RETURN_TYPE = YES_ERROR;
				GCC_WARN_UNDECLARED_SELECTOR = YES;
				GCC_WARN_UNINITIALIZED_AUTOS = YES_AGGRESSIVE;
				GCC_WARN_UNUSED_FUNCTION = YES;
				GCC_WARN_UNUSED_VARIABLE = YES;
				MACOSX_DEPLOYMENT_TARGET = 10.10;
				MTL_ENABLE_DEBUG_INFO = NO;
				SDKROOT = macosx;
			};
			name = Release;
		};
		890F69FD1C74276900F66617 /* Debug */ = {
			isa = XCBuildConfiguration;
			buildSettings = {
				PRODUCT_NAME = "$(TARGET_NAME)";
			};
			name = Debug;
		};
		890F69FE1C74276900F66617 /* Release */ = {
			isa = XCBuildConfiguration;
			buildSettings = {
				PRODUCT_NAME = "$(TARGET_NAME)";
			};
			name = Release;
		};
/* End XCBuildConfiguration section */

/* Begin XCConfigurationList section */
		890F69F01C74276900F66617 /* Build configuration list for PBXProject "MyStack" */ = {
			isa = XCConfigurationList;
			buildConfigurations = (
				890F69FA1C74276900F66617 /* Debug */,
				890F69FB1C74276900F66617 /* Release */,
			);
			defaultConfigurationIsVisible = 0;
			defaultConfigurationName = Release;
		};
		890F69FC1C74276900F66617 /* Build configuration list for PBXNativeTarget "MyStack" */ = {
			isa = XCConfigurationList;
			buildConfigurations = (
				890F69FD1C74276900F66617 /* Debug */,
				890F69FE1C74276900F66617 /* Release */,
			);
			defaultConfigurationIsVisible = 0;
			defaultConfigurationName = Release;
		};
/* End XCConfigurationList section */
	};
	rootObject = 890F69ED1C74276900F66617 /* Project object */;
}
